
Microsoft Visual Studio Solution File, Format Version 12.00
# Visual Studio 2013
VisualStudioVersion = 12.0.31101.0
MinimumVisualStudioVersion = 10.0.40219.1
Project("{FAE04EC0-301F-11D3-BF4B-00C04F79EFBC}") = "Host", "Host\Host.csproj", "{047A2EE4-DFB9-4D6A-8EE9-C1FF29A9D4E1}"
EndProject
Project("{FAE04EC0-301F-11D3-BF4B-00C04F79EFBC}") = "Demo", "Demo\Demo.csproj", "{047DEB19-8954-41D0-A7FF-8074626CCCFD}"
EndProject
Project("{FAE04EC0-301F-11D3-BF4B-00C04F79EFBC}") = "Common", "Common\Common.csproj", "{24F6DC74-9D81-4E2E-B52B-1E6C7EA92955}"
EndProject
Global
	GlobalSection(SolutionConfigurationPlatforms) = preSolution
		Debug|Any CPU = Debug|Any CPU
		Release|Any CPU = Release|Any CPU
	EndGlobalSection
	GlobalSection(ProjectConfigurationPlatforms) = postSolution
		{047A2EE4-DFB9-4D6A-8EE9-C1FF29A9D4E1}.Debug|Any CPU.ActiveCfg = Debug|Any CPU
		{047A2EE4-DFB9-4D6A-8EE9-C1FF29A9D4E1}.Debug|Any CPU.Build.0 = Debug|Any CPU
		{047A2EE4-DFB9-4D6A-8EE9-C1FF29A9D4E1}.Release|Any CPU.ActiveCfg = Release|Any CPU
		{047A2EE4-DFB9-4D6A-8EE9-C1FF29A9D4E1}.Release|Any CPU.Build.0 = Release|Any CPU
		{047DEB19-8954-41D0-A7FF-8074626CCCFD}.Debug|Any CPU.ActiveCfg = Debug|Any CPU
		{047DEB19-8954-41D0-A7FF-8074626CCCFD}.Debug|Any CPU.Build.0 = Debug|Any CPU
		{047DEB19-8954-41D0-A7FF-8074626CCCFD}.Release|Any CPU.ActiveCfg = Release|Any CPU
		{047DEB19-8954-41D0-A7FF-8074626CCCFD}.Release|Any CPU.Build.0 = Release|Any CPU
		{24F6DC74-9D81-4E2E-B52B-1E6C7EA92955}.Debug|Any CPU.ActiveCfg = Debug|Any CPU
		{24F6DC74-9D81-4E2E-B52B-1E6C7EA92955}.Debug|Any CPU.Build.0 = Debug|Any CPU
		{24F6DC74-9D81-4E2E-B52B-1E6C7EA92955}.Release|Any CPU.ActiveCfg = Release|Any CPU
		{24F6DC74-9D81-4E2E-B52B-1E6C7EA92955}.Release|Any CPU.Build.0 = Release|Any CPU
	EndGlobalSection
	GlobalSection(SolutionProperties) = preSolution
		HideSolutionNode = FALSE
	EndGlobalSection
EndGlobal
